{
  "object": {
    "pins": [
      {
        "package": "Alloy",
        "repositoryURL": "https://github.com/s1ddok/Alloy.git",
        "state": {
          "branch": null,
          "revision": "75b09167be15a1ca47c2e496c283e28248db6a5b",
          "version": "0.17.0"
        }
      }
    ]
  },
  "version": 1
}
